# This is a Gradle generated file for dependency locking.
# Manual edits can break the build and are not advised.
# This file is expected to be part of source control.
ch.qos.logback:logback-classic:1.2.12=compileClasspath,runtimeClasspath,testCompileClasspath,testRuntimeClasspath
ch.qos.logback:logback-core:1.2.12=compileClasspath,runtimeClasspath,testCompileClasspath,testRuntimeClasspath
com.aayushatharva.brotli4j:brotli4j:1.15.0=runtimeClasspath,testRuntimeClasspath
com.aayushatharva.brotli4j:service:1.15.0=runtimeClasspath,testRuntimeClasspath
com.fasterxml.jackson.core:jackson-annotations:2.13.5=compileClasspath,runtimeClasspath,testCompileClasspath,testRuntimeClasspath
com.fasterxml.jackson.core:jackson-core:2.13.5=compileClasspath,runtimeClasspath,testCompileClasspath,testRuntimeClasspath
com.fasterxml.jackson.core:jackson-databind:2.13.5=compileClasspath,runtimeClasspath,testCompileClasspath,testRuntimeClasspath
com.fasterxml.jackson.datatype:jackson-datatype-jdk8:2.13.5=compileClasspath,runtimeClasspath,testCompileClasspath,testRuntimeClasspath
com.fasterxml.jackson.datatype:jackson-datatype-jsr310:2.13.5=compileClasspath,runtimeClasspath,testCompileClasspath,testRuntimeClasspath
com.fasterxml.jackson.module:jackson-module-parameter-names:2.13.5=compileClasspath,runtimeClasspath,testCompileClasspath,testRuntimeClasspath
com.fasterxml.jackson:jackson-bom:2.13.5=compileClasspath,runtimeClasspath,testCompileClasspath,testRuntimeClasspath
com.github.kevinstern:software-and-algorithms:1.0=annotationProcessor,testAnnotationProcessor
com.github.spotbugs:spotbugs-annotations:4.7.3=compileClasspath,runtimeClasspath,testCompileClasspath,testRuntimeClasspath
com.github.stephenc.jcip:jcip-annotations:1.0-1=annotationProcessor,testAnnotationProcessor
com.google.auto:auto-common:0.10=annotationProcessor,testAnnotationProcessor
com.google.code.findbugs:jFormatString:3.0.0=annotationProcessor,testAnnotationProcessor
com.google.code.findbugs:jsr305:3.0.2=annotationProcessor,compileClasspath,runtimeClasspath,testAnnotationProcessor,testCompileClasspath,testRuntimeClasspath
com.google.errorprone:error_prone_annotation:2.3.3=annotationProcessor,testAnnotationProcessor
com.google.errorprone:error_prone_annotations:2.36.0=annotationProcessor,compileClasspath,runtimeClasspath,testAnnotationProcessor,testCompileClasspath,testRuntimeClasspath
com.google.errorprone:error_prone_check_api:2.3.3=annotationProcessor,testAnnotationProcessor
com.google.errorprone:error_prone_core:2.3.3=annotationProcessor,testAnnotationProcessor
com.google.errorprone:error_prone_type_annotations:2.3.3=annotationProcessor,testAnnotationProcessor
com.google.guava:failureaccess:1.0.2=annotationProcessor,compileClasspath,runtimeClasspath,testAnnotationProcessor,testCompileClasspath,testRuntimeClasspath
com.google.guava:guava:33.4.0-jre=annotationProcessor,compileClasspath,runtimeClasspath,testAnnotationProcessor,testCompileClasspath,testRuntimeClasspath
com.google.guava:listenablefuture:9999.0-empty-to-avoid-conflict-with-guava=annotationProcessor,compileClasspath,runtimeClasspath,testAnnotationProcessor,testCompileClasspath,testRuntimeClasspath
com.google.j2objc:j2objc-annotations:3.0.0=annotationProcessor,compileClasspath,runtimeClasspath,testAnnotationProcessor,testCompileClasspath,testRuntimeClasspath
com.google.protobuf:protobuf-java:3.4.0=annotationProcessor,testAnnotationProcessor
com.googlecode.java-diff-utils:diffutils:1.3.0=annotationProcessor,testAnnotationProcessor
com.linecorp.armeria:armeria-logback12:1.27.3=runtimeClasspath,testRuntimeClasspath
com.linecorp.armeria:armeria-logback:1.27.3=runtimeClasspath,testRuntimeClasspath
com.linecorp.armeria:armeria-spring-boot2-webflux-autoconfigure:1.27.3=compileClasspath,runtimeClasspath,testCompileClasspath,testRuntimeClasspath
com.linecorp.armeria:armeria-spring-boot2-webflux-starter:1.27.3=compileClasspath,runtimeClasspath,testCompileClasspath,testRuntimeClasspath
com.linecorp.armeria:armeria:1.27.3=compileClasspath,runtimeClasspath,testCompileClasspath,testRuntimeClasspath
com.sun.activation:jakarta.activation:1.2.2=runtimeClasspath,testRuntimeClasspath
com.sun.istack:istack-commons-runtime:3.0.11=runtimeClasspath,testRuntimeClasspath
com.sun.xml.bind:jaxb-impl:2.3.3=compileClasspath,runtimeClasspath,testCompileClasspath,testRuntimeClasspath
io.micrometer:micrometer-core:1.9.17=compileClasspath,runtimeClasspath,testCompileClasspath,testRuntimeClasspath
io.netty:netty-buffer:4.1.101.Final=compileClasspath,runtimeClasspath,testCompileClasspath,testRuntimeClasspath
io.netty:netty-codec-dns:4.1.101.Final=compileClasspath,runtimeClasspath,testCompileClasspath,testRuntimeClasspath
io.netty:netty-codec-haproxy:4.1.101.Final=compileClasspath,runtimeClasspath,testCompileClasspath,testRuntimeClasspath
io.netty:netty-codec-http2:4.1.101.Final=compileClasspath,runtimeClasspath,testCompileClasspath,testRuntimeClasspath
io.netty:netty-codec-http:4.1.101.Final=compileClasspath,runtimeClasspath,testCompileClasspath,testRuntimeClasspath
io.netty:netty-codec-socks:4.1.101.Final=runtimeClasspath,testRuntimeClasspath
io.netty:netty-codec:4.1.101.Final=compileClasspath,runtimeClasspath,testCompileClasspath,testRuntimeClasspath
io.netty:netty-common:4.1.101.Final=compileClasspath,runtimeClasspath,testCompileClasspath,testRuntimeClasspath
io.netty:netty-handler-proxy:4.1.101.Final=runtimeClasspath,testRuntimeClasspath
io.netty:netty-handler:4.1.101.Final=compileClasspath,runtimeClasspath,testCompileClasspath,testRuntimeClasspath
io.netty:netty-resolver-dns-classes-macos:4.1.101.Final=runtimeClasspath,testRuntimeClasspath
io.netty:netty-resolver-dns-native-macos:4.1.101.Final=runtimeClasspath,testRuntimeClasspath
io.netty:netty-resolver-dns:4.1.101.Final=compileClasspath,runtimeClasspath,testCompileClasspath,testRuntimeClasspath
io.netty:netty-resolver:4.1.101.Final=compileClasspath,runtimeClasspath,testCompileClasspath,testRuntimeClasspath
io.netty:netty-tcnative-boringssl-static:2.0.61.Final=runtimeClasspath,testRuntimeClasspath
io.netty:netty-tcnative-classes:2.0.61.Final=runtimeClasspath,testRuntimeClasspath
io.netty:netty-transport-classes-epoll:4.1.101.Final=runtimeClasspath,testRuntimeClasspath
io.netty:netty-transport-classes-kqueue:4.1.101.Final=runtimeClasspath,testRuntimeClasspath
io.netty:netty-transport-native-epoll:4.1.101.Final=runtimeClasspath,testRuntimeClasspath
io.netty:netty-transport-native-kqueue:4.1.101.Final=runtimeClasspath,testRuntimeClasspath
io.netty:netty-transport-native-unix-common:4.1.101.Final=compileClasspath,runtimeClasspath,testCompileClasspath,testRuntimeClasspath
io.netty:netty-transport:4.1.101.Final=compileClasspath,runtimeClasspath,testCompileClasspath,testRuntimeClasspath
io.projectreactor:reactor-core:3.4.34=compileClasspath,runtimeClasspath,testCompileClasspath,testRuntimeClasspath
jakarta.annotation:jakarta.annotation-api:1.3.5=compileClasspath,runtimeClasspath,testCompileClasspath,testRuntimeClasspath
jakarta.xml.bind:jakarta.xml.bind-api:2.3.3=compileClasspath,runtimeClasspath,testCompileClasspath,testRuntimeClasspath
javax.inject:javax.inject:1=compileClasspath,runtimeClasspath,testCompileClasspath,testRuntimeClasspath
org.apache.logging.log4j:log4j-api:2.17.2=compileClasspath,runtimeClasspath,testCompileClasspath,testRuntimeClasspath
org.apache.logging.log4j:log4j-to-slf4j:2.17.2=compileClasspath,runtimeClasspath,testCompileClasspath,testRuntimeClasspath
org.checkerframework:checker-qual:3.43.0=annotationProcessor,compileClasspath,runtimeClasspath,testAnnotationProcessor,testCompileClasspath,testRuntimeClasspath
org.checkerframework:dataflow:2.5.3=annotationProcessor,testAnnotationProcessor
org.checkerframework:javacutil:2.5.3=annotationProcessor,testAnnotationProcessor
org.glassfish.jaxb:jaxb-runtime:2.3.9=runtimeClasspath,testRuntimeClasspath
org.glassfish.jaxb:txw2:2.3.9=runtimeClasspath,testRuntimeClasspath
org.hdrhistogram:HdrHistogram:2.1.12=compileClasspath,runtimeClasspath,testCompileClasspath,testRuntimeClasspath
org.hipparchus:hipparchus-core:3.1=compileClasspath,runtimeClasspath,testCompileClasspath,testRuntimeClasspath
org.hipparchus:hipparchus-filtering:3.1=compileClasspath,runtimeClasspath,testCompileClasspath,testRuntimeClasspath
org.hipparchus:hipparchus-fitting:3.1=compileClasspath,runtimeClasspath,testCompileClasspath,testRuntimeClasspath
org.hipparchus:hipparchus-geometry:3.1=compileClasspath,runtimeClasspath,testCompileClasspath,testRuntimeClasspath
org.hipparchus:hipparchus-ode:3.1=compileClasspath,runtimeClasspath,testCompileClasspath,testRuntimeClasspath
org.hipparchus:hipparchus-optim:3.1=compileClasspath,runtimeClasspath,testCompileClasspath,testRuntimeClasspath
org.hipparchus:hipparchus-stat:3.1=compileClasspath,runtimeClasspath,testCompileClasspath,testRuntimeClasspath
org.hisrc.w3c:atom-v_1_0:1.4.0=compileClasspath,runtimeClasspath,testCompileClasspath,testRuntimeClasspath
org.junit:junit-bom:5.9.1=runtimeClasspath,testRuntimeClasspath
org.jvnet.jaxb2_commons:jaxb2-basics-runtime:0.11.0=compileClasspath,runtimeClasspath,testCompileClasspath,testRuntimeClasspath
org.jvnet.ogc:kml-v_2_2_0:2.6.1=compileClasspath,runtimeClasspath,testCompileClasspath,testRuntimeClasspath
org.jvnet.ogc:xal-v_2_0:2.6.1=compileClasspath,runtimeClasspath,testCompileClasspath,testRuntimeClasspath
org.latencyutils:LatencyUtils:2.0.3=runtimeClasspath,testRuntimeClasspath
org.orekit:orekit:12.2.1=compileClasspath,runtimeClasspath,testCompileClasspath,testRuntimeClasspath
org.pcollections:pcollections:2.1.2=annotationProcessor,testAnnotationProcessor
org.reactivestreams:reactive-streams:1.0.4=compileClasspath,runtimeClasspath,testCompileClasspath,testRuntimeClasspath
org.slf4j:jul-to-slf4j:1.7.36=compileClasspath,runtimeClasspath,testCompileClasspath,testRuntimeClasspath
org.slf4j:slf4j-api:1.7.36=compileClasspath,runtimeClasspath,testCompileClasspath,testRuntimeClasspath
org.springframework.boot:spring-boot-autoconfigure:2.7.18=compileClasspath,runtimeClasspath,testCompileClasspath,testRuntimeClasspath
org.springframework.boot:spring-boot-starter-json:2.7.18=compileClasspath,runtimeClasspath,testCompileClasspath,testRuntimeClasspath
org.springframework.boot:spring-boot-starter-logging:2.7.18=compileClasspath,runtimeClasspath,testCompileClasspath,testRuntimeClasspath
org.springframework.boot:spring-boot-starter-webflux:2.7.18=compileClasspath,runtimeClasspath,testCompileClasspath,testRuntimeClasspath
org.springframework.boot:spring-boot-starter:2.7.18=compileClasspath,runtimeClasspath,testCompileClasspath,testRuntimeClasspath
org.springframework.boot:spring-boot:2.7.18=compileClasspath,runtimeClasspath,testCompileClasspath,testRuntimeClasspath
org.springframework:spring-aop:5.3.31=compileClasspath,runtimeClasspath,testCompileClasspath,testRuntimeClasspath
org.springframework:spring-beans:5.3.31=compileClasspath,runtimeClasspath,testCompileClasspath,testRuntimeClasspath
org.springframework:spring-context:5.3.31=compileClasspath,runtimeClasspath,testCompileClasspath,testRuntimeClasspath
org.springframework:spring-core:5.3.31=compileClasspath,runtimeClasspath,testCompileClasspath,testRuntimeClasspath
org.springframework:spring-expression:5.3.31=compileClasspath,runtimeClasspath,testCompileClasspath,testRuntimeClasspath
org.springframework:spring-jcl:5.3.31=compileClasspath,runtimeClasspath,testCompileClasspath,testRuntimeClasspath
org.springframework:spring-web:5.3.31=compileClasspath,runtimeClasspath,testCompileClasspath,testRuntimeClasspath
org.springframework:spring-webflux:5.3.31=compileClasspath,runtimeClasspath,testCompileClasspath,testRuntimeClasspath
org.yaml:snakeyaml:1.30=compileClasspath,runtimeClasspath,testCompileClasspath,testRuntimeClasspath
empty=apiHelper,apiHelperGenerated,apiHelperTest,archives,compileOnlyHelper,compileOnlyHelperGenerated,compileOnlyHelperTest,generatedCompileClasspath,generatedRuntimeClasspath,permitAggregatorUse,permitGeneratedAggregatorUse,permitGeneratedUnusedDeclared,permitGeneratedUsedUndeclared,permitTestAggregatorUse,permitTestUnusedDeclared,permitTestUsedUndeclared,permitUsedUndeclared,spotbugsPlugins
